
Microsoft Visual Studio Solution File, Format Version 12.00
# Visual Studio Version 17
VisualStudioVersion = 17.8.34309.116
MinimumVisualStudioVersion = 10.0.40219.1
Project("{FAE04EC0-301F-11D3-BF4B-00C04F79EFBC}") = "FactoryPatternDemo", "FactoryPatternDemo\FactoryPatternDemo.csproj", "{2D586C39-6B71-41CA-900C-64947D79BA07}"
EndProject
Project("{FAE04EC0-301F-11D3-BF4B-00C04F79EFBC}") = "FactoryLibrary", "FactoryLibrary\FactoryLibrary.csproj", "{892A58A8-8AEC-4BC2-97FA-8C0C47B3475F}"
EndProject
Global
	GlobalSection(SolutionConfigurationPlatforms) = preSolution
		Debug|Any CPU = Debug|Any CPU
		Release|Any CPU = Release|Any CPU
	EndGlobalSection
	GlobalSection(ProjectConfigurationPlatforms) = postSolution
		{2D586C39-6B71-41CA-900C-64947D79BA07}.Debug|Any CPU.ActiveCfg = Debug|Any CPU
		{2D586C39-6B71-41CA-900C-64947D79BA07}.Debug|Any CPU.Build.0 = Debug|Any CPU
		{2D586C39-6B71-41CA-900C-64947D79BA07}.Release|Any CPU.ActiveCfg = Release|Any CPU
		{2D586C39-6B71-41CA-900C-64947D79BA07}.Release|Any CPU.Build.0 = Release|Any CPU
		{892A58A8-8AEC-4BC2-97FA-8C0C47B3475F}.Debug|Any CPU.ActiveCfg = Debug|Any CPU
		{892A58A8-8AEC-4BC2-97FA-8C0C47B3475F}.Debug|Any CPU.Build.0 = Debug|Any CPU
		{892A58A8-8AEC-4BC2-97FA-8C0C47B3475F}.Release|Any CPU.ActiveCfg = Release|Any CPU
		{892A58A8-8AEC-4BC2-97FA-8C0C47B3475F}.Release|Any CPU.Build.0 = Release|Any CPU
	EndGlobalSection
	GlobalSection(SolutionProperties) = preSolution
		HideSolutionNode = FALSE
	EndGlobalSection
	GlobalSection(ExtensibilityGlobals) = postSolution
		SolutionGuid = {23B8D687-35E7-4EA3-8D17-B0ACC87A6CD9}
	EndGlobalSection
EndGlobal
